// !$*UTF8*$!
{
	archiveVersion = 1;
	classes = {
	};
	objectVersion = 46;
	objects = {

/* Begin PBXBuildFile section */
		49D2D9C51A81C7D4001CF3A8 /* main.m in Sources */ = {isa = PBXBuildFile; fileRef = 49D2D9C41A81C7D4001CF3A8 /* main.m */; };
		49D2D9C81A81C7D4001CF3A8 /* AppDelegate.m in Sources */ = {isa = PBXBuildFile; fileRef = 49D2D9C71A81C7D4001CF3A8 /* AppDelegate.m */; };
		49D2D9CB1A81C7D4001CF3A8 /* ViewController.m in Sources */ = {isa = PBXBuildFile; fileRef = 49D2D9CA1A81C7D4001CF3A8 /* ViewController.m */; };
		49D2D9CE1A81C7D4001CF3A8 /* Main.storyboard in Resources */ = {isa = PBXBuildFile; fileRef = 49D2D9CC1A81C7D4001CF3A8 /* Main.storyboard */; };
		49D2D9D01A81C7D4001CF3A8 /* Images.xcassets in Resources */ = {isa = PBXBuildFile; fileRef = 49D2D9CF1A81C7D4001CF3A8 /* Images.xcassets */; };
		49D2D9D31A81C7D4001CF3A8 /* LaunchScreen.xib in Resources */ = {isa = PBXBuildFile; fileRef = 49D2D9D11A81C7D4001CF3A8 /* LaunchScreen.xib */; };
		49D2D9DF1A81C7D4001CF3A8 /* _7_XmlParserTests.m in Sources */ = {isa = PBXBuildFile; fileRef = 49D2D9DE1A81C7D4001CF3A8 /* _7_XmlParserTests.m */; };
		49D2D9EB1A81CA9E001CF3A8 /* Student.xml in Resources */ = {isa = PBXBuildFile; fileRef = 49D2D9EA1A81CA9E001CF3A8 /* Student.xml */; };
		49D2D9EE1A81CEE6001CF3A8 /* XmlParser.m in Sources */ = {isa = PBXBuildFile; fileRef = 49D2D9ED1A81CEE6001CF3A8 /* XmlParser.m */; };
		49D2D9F01A81D089001CF3A8 /* jewelry.xml in Resources */ = {isa = PBXBuildFile; fileRef = 49D2D9EF1A81D089001CF3A8 /* jewelry.xml */; };
/* End PBXBuildFile section */

/* Begin PBXContainerItemProxy section */
		49D2D9D91A81C7D4001CF3A8 /* PBXContainerItemProxy */ = {
			isa = PBXContainerItemProxy;
			containerPortal = 49D2D9B71A81C7D4001CF3A8 /* Project object */;
			proxyType = 1;
			remoteGlobalIDString = 49D2D9BE1A81C7D4001CF3A8;
			remoteInfo = 17.XmlParser;
		};
/* End PBXContainerItemProxy section */

/* Begin PBXFileReference section */
		49D2D9BF1A81C7D4001CF3A8 /* 17.XmlParser.app */ = {isa = PBXFileReference; explicitFileType = wrapper.application; includeInIndex = 0; path = 17.XmlParser.app; sourceTree = BUILT_PRODUCTS_DIR; };
		49D2D9C31A81C7D4001CF3A8 /* Info.plist */ = {isa = PBXFileReference; lastKnownFileType = text.plist.xml; path = Info.plist; sourceTree = "<group>"; };
		49D2D9C41A81C7D4001CF3A8 /* main.m */ = {isa = PBXFileReference; lastKnownFileType = sourcecode.c.objc; path = main.m; sourceTree = "<group>"; };
		49D2D9C61A81C7D4001CF3A8 /* AppDelegate.h */ = {isa = PBXFileReference; lastKnownFileType = sourcecode.c.h; path = AppDelegate.h; sourceTree = "<group>"; };
		49D2D9C71A81C7D4001CF3A8 /* AppDelegate.m */ = {isa = PBXFileReference; lastKnownFileType = sourcecode.c.objc; path = AppDelegate.m; sourceTree = "<group>"; };
		49D2D9C91A81C7D4001CF3A8 /* ViewController.h */ = {isa = PBXFileReference; lastKnownFileType = sourcecode.c.h; path = ViewController.h; sourceTree = "<group>"; };
		49D2D9CA1A81C7D4001CF3A8 /* ViewController.m */ = {isa = PBXFileReference; lastKnownFileType = sourcecode.c.objc; path = ViewController.m; sourceTree = "<group>"; };
		49D2D9CD1A81C7D4001CF3A8 /* Base */ = {isa = PBXFileReference; lastKnownFileType = file.storyboard; name = Base; path = Base.lproj/Main.storyboard; sourceTree = "<group>"; };
		49D2D9CF1A81C7D4001CF3A8 /* Images.xcassets */ = {isa = PBXFileReference; lastKnownFileType = folder.assetcatalog; path = Images.xcassets; sourceTree = "<group>"; };
		49D2D9D21A81C7D4001CF3A8 /* Base */ = {isa = PBXFileReference; lastKnownFileType = file.xib; name = Base; path = Base.lproj/LaunchScreen.xib; sourceTree = "<group>"; };
		49D2D9D81A81C7D4001CF3A8 /* 17.XmlParserTests.xctest */ = {isa = PBXFileReference; explicitFileType = wrapper.cfbundle; includeInIndex = 0; path = 17.XmlParserTests.xctest; sourceTree = BUILT_PRODUCTS_DIR; };
		49D2D9DD1A81C7D4001CF3A8 /* Info.plist */ = {isa = PBXFileReference; lastKnownFileType = text.plist.xml; path = Info.plist; sourceTree = "<group>"; };
		49D2D9DE1A81C7D4001CF3A8 /* _7_XmlParserTests.m */ = {isa = PBXFileReference; lastKnownFileType = sourcecode.c.objc; path = _7_XmlParserTests.m; sourceTree = "<group>"; };
		49D2D9EA1A81CA9E001CF3A8 /* Student.xml */ = {isa = PBXFileReference; fileEncoding = 4; lastKnownFileType = text.xml; path = Student.xml; sourceTree = "<group>"; };
		49D2D9EC1A81CEE6001CF3A8 /* XmlParser.h */ = {isa = PBXFileReference; fileEncoding = 4; lastKnownFileType = sourcecode.c.h; path = XmlParser.h; sourceTree = "<group>"; };
		49D2D9ED1A81CEE6001CF3A8 /* XmlParser.m */ = {isa = PBXFileReference; fileEncoding = 4; lastKnownFileType = sourcecode.c.objc; path = XmlParser.m; sourceTree = "<group>"; };
		49D2D9EF1A81D089001CF3A8 /* jewelry.xml */ = {isa = PBXFileReference; fileEncoding = 4; lastKnownFileType = text.xml; path = jewelry.xml; sourceTree = "<group>"; };
/* End PBXFileReference section */

/* Begin PBXFrameworksBuildPhase section */
		49D2D9BC1A81C7D4001CF3A8 /* Frameworks */ = {
			isa = PBXFrameworksBuildPhase;
			buildActionMask = 2147483647;
			files = (
			);
			runOnlyForDeploymentPostprocessing = 0;
		};
		49D2D9D51A81C7D4001CF3A8 /* Frameworks */ = {
			isa = PBXFrameworksBuildPhase;
			buildActionMask = 2147483647;
			files = (
			);
			runOnlyForDeploymentPostprocessing = 0;
		};
/* End PBXFrameworksBuildPhase section */

/* Begin PBXGroup section */
		49D2D9B61A81C7D4001CF3A8 = {
			isa = PBXGroup;
			children = (
				49D2D9C11A81C7D4001CF3A8 /* 17.XmlParser */,
				49D2D9DB1A81C7D4001CF3A8 /* 17.XmlParserTests */,
				49D2D9C01A81C7D4001CF3A8 /* Products */,
			);
			sourceTree = "<group>";
		};
		49D2D9C01A81C7D4001CF3A8 /* Products */ = {
			isa = PBXGroup;
			children = (
				49D2D9BF1A81C7D4001CF3A8 /* 17.XmlParser.app */,
				49D2D9D81A81C7D4001CF3A8 /* 17.XmlParserTests.xctest */,
			);
			name = Products;
			sourceTree = "<group>";
		};
		49D2D9C11A81C7D4001CF3A8 /* 17.XmlParser */ = {
			isa = PBXGroup;
			children = (
				49D2D9C61A81C7D4001CF3A8 /* AppDelegate.h */,
				49D2D9C71A81C7D4001CF3A8 /* AppDelegate.m */,
				49D2D9C91A81C7D4001CF3A8 /* ViewController.h */,
				49D2D9CA1A81C7D4001CF3A8 /* ViewController.m */,
				49D2D9EC1A81CEE6001CF3A8 /* XmlParser.h */,
				49D2D9ED1A81CEE6001CF3A8 /* XmlParser.m */,
				49D2D9CC1A81C7D4001CF3A8 /* Main.storyboard */,
				49D2D9CF1A81C7D4001CF3A8 /* Images.xcassets */,
				49D2D9D11A81C7D4001CF3A8 /* LaunchScreen.xib */,
				49D2D9C21A81C7D4001CF3A8 /* Supporting Files */,
			);
			path = 17.XmlParser;
			sourceTree = "<group>";
		};
		49D2D9C21A81C7D4001CF3A8 /* Supporting Files */ = {
			isa = PBXGroup;
			children = (
				49D2D9C31A81C7D4001CF3A8 /* Info.plist */,
				49D2D9C41A81C7D4001CF3A8 /* main.m */,
				49D2D9EA1A81CA9E001CF3A8 /* Student.xml */,
				49D2D9EF1A81D089001CF3A8 /* jewelry.xml */,
			);
			name = "Supporting Files";
			sourceTree = "<group>";
		};
		49D2D9DB1A81C7D4001CF3A8 /* 17.XmlParserTests */ = {
			isa = PBXGroup;
			children = (
				49D2D9DE1A81C7D4001CF3A8 /* _7_XmlParserTests.m */,
				49D2D9DC1A81C7D4001CF3A8 /* Supporting Files */,
			);
			path = 17.XmlParserTests;
			sourceTree = "<group>";
		};
		49D2D9DC1A81C7D4001CF3A8 /* Supporting Files */ = {
			isa = PBXGroup;
			children = (
				49D2D9DD1A81C7D4001CF3A8 /* Info.plist */,
			);
			name = "Supporting Files";
			sourceTree = "<group>";
		};
/* End PBXGroup section */

/* Begin PBXNativeTarget section */
		49D2D9BE1A81C7D4001CF3A8 /* 17.XmlParser */ = {
			isa = PBXNativeTarget;
			buildConfigurationList = 49D2D9E21A81C7D4001CF3A8 /* Build configuration list for PBXNativeTarget "17.XmlParser" */;
			buildPhases = (
				49D2D9BB1A81C7D4001CF3A8 /* Sources */,
				49D2D9BC1A81C7D4001CF3A8 /* Frameworks */,
				49D2D9BD1A81C7D4001CF3A8 /* Resources */,
			);
			buildRules = (
			);
			dependencies = (
			);
			name = 17.XmlParser;
			productName = 17.XmlParser;
			productReference = 49D2D9BF1A81C7D4001CF3A8 /* 17.XmlParser.app */;
			productType = "com.apple.product-type.application";
		};
		49D2D9D71A81C7D4001CF3A8 /* 17.XmlParserTests */ = {
			isa = PBXNativeTarget;
			buildConfigurationList = 49D2D9E51A81C7D4001CF3A8 /* Build configuration list for PBXNativeTarget "17.XmlParserTests" */;
			buildPhases = (
				49D2D9D41A81C7D4001CF3A8 /* Sources */,
				49D2D9D51A81C7D4001CF3A8 /* Frameworks */,
				49D2D9D61A81C7D4001CF3A8 /* Resources */,
			);
			buildRules = (
			);
			dependencies = (
				49D2D9DA1A81C7D4001CF3A8 /* PBXTargetDependency */,
			);
			name = 17.XmlParserTests;
			productName = 17.XmlParserTests;
			productReference = 49D2D9D81A81C7D4001CF3A8 /* 17.XmlParserTests.xctest */;
			productType = "com.apple.product-type.bundle.unit-test";
		};
/* End PBXNativeTarget section */

/* Begin PBXProject section */
		49D2D9B71A81C7D4001CF3A8 /* Project object */ = {
			isa = PBXProject;
			attributes = {
				LastUpgradeCheck = 0610;
				ORGANIZATIONNAME = "赵雪松";
				TargetAttributes = {
					49D2D9BE1A81C7D4001CF3A8 = {
						CreatedOnToolsVersion = 6.1;
					};
					49D2D9D71A81C7D4001CF3A8 = {
						CreatedOnToolsVersion = 6.1;
						TestTargetID = 49D2D9BE1A81C7D4001CF3A8;
					};
				};
			};
			buildConfigurationList = 49D2D9BA1A81C7D4001CF3A8 /* Build configuration list for PBXProject "17.XmlParser" */;
			compatibilityVersion = "Xcode 3.2";
			developmentRegion = English;
			hasScannedForEncodings = 0;
			knownRegions = (
				en,
				Base,
			);
			mainGroup = 49D2D9B61A81C7D4001CF3A8;
			productRefGroup = 49D2D9C01A81C7D4001CF3A8 /* Products */;
			projectDirPath = "";
			projectRoot = "";
			targets = (
				49D2D9BE1A81C7D4001CF3A8 /* 17.XmlParser */,
				49D2D9D71A81C7D4001CF3A8 /* 17.XmlParserTests */,
			);
		};
/* End PBXProject section */

/* Begin PBXResourcesBuildPhase section */
		49D2D9BD1A81C7D4001CF3A8 /* Resources */ = {
			isa = PBXResourcesBuildPhase;
			buildActionMask = 2147483647;
			files = (
				49D2D9CE1A81C7D4001CF3A8 /* Main.storyboard in Resources */,
				49D2D9F01A81D089001CF3A8 /* jewelry.xml in Resources */,
				49D2D9EB1A81CA9E001CF3A8 /* Student.xml in Resources */,
				49D2D9D31A81C7D4001CF3A8 /* LaunchScreen.xib in Resources */,
				49D2D9D01A81C7D4001CF3A8 /* Images.xcassets in Resources */,
			);
			runOnlyForDeploymentPostprocessing = 0;
		};
		49D2D9D61A81C7D4001CF3A8 /* Resources */ = {
			isa = PBXResourcesBuildPhase;
			buildActionMask = 2147483647;
			files = (
			);
			runOnlyForDeploymentPostprocessing = 0;
		};
/* End PBXResourcesBuildPhase section */

/* Begin PBXSourcesBuildPhase section */
		49D2D9BB1A81C7D4001CF3A8 /* Sources */ = {
			isa = PBXSourcesBuildPhase;
			buildActionMask = 2147483647;
			files = (
				49D2D9EE1A81CEE6001CF3A8 /* XmlParser.m in Sources */,
				49D2D9CB1A81C7D4001CF3A8 /* ViewController.m in Sources */,
				49D2D9C81A81C7D4001CF3A8 /* AppDelegate.m in Sources */,
				49D2D9C51A81C7D4001CF3A8 /* main.m in Sources */,
			);
			runOnlyForDeploymentPostprocessing = 0;
		};
		49D2D9D41A81C7D4001CF3A8 /* Sources */ = {
			isa = PBXSourcesBuildPhase;
			buildActionMask = 2147483647;
			files = (
				49D2D9DF1A81C7D4001CF3A8 /* _7_XmlParserTests.m in Sources */,
			);
			runOnlyForDeploymentPostprocessing = 0;
		};
/* End PBXSourcesBuildPhase section */

/* Begin PBXTargetDependency section */
		49D2D9DA1A81C7D4001CF3A8 /* PBXTargetDependency */ = {
			isa = PBXTargetDependency;
			target = 49D2D9BE1A81C7D4001CF3A8 /* 17.XmlParser */;
			targetProxy = 49D2D9D91A81C7D4001CF3A8 /* PBXContainerItemProxy */;
		};
/* End PBXTargetDependency section */

/* Begin PBXVariantGroup section */
		49D2D9CC1A81C7D4001CF3A8 /* Main.storyboard */ = {
			isa = PBXVariantGroup;
			children = (
				49D2D9CD1A81C7D4001CF3A8 /* Base */,
			);
			name = Main.storyboard;
			sourceTree = "<group>";
		};
		49D2D9D11A81C7D4001CF3A8 /* LaunchScreen.xib */ = {
			isa = PBXVariantGroup;
			children = (
				49D2D9D21A81C7D4001CF3A8 /* Base */,
			);
			name = LaunchScreen.xib;
			sourceTree = "<group>";
		};
/* End PBXVariantGroup section */

/* Begin XCBuildConfiguration section */
		49D2D9E01A81C7D4001CF3A8 /* Debug */ = {
			isa = XCBuildConfiguration;
			buildSettings = {
				ALWAYS_SEARCH_USER_PATHS = NO;
				CLANG_CXX_LANGUAGE_STANDARD = "gnu++0x";
				CLANG_CXX_LIBRARY = "libc++";
				CLANG_ENABLE_MODULES = YES;
				CLANG_ENABLE_OBJC_ARC = YES;
				CLANG_WARN_BOOL_CONVERSION = YES;
				CLANG_WARN_CONSTANT_CONVERSION = YES;
				CLANG_WARN_DIRECT_OBJC_ISA_USAGE = YES_ERROR;
				CLANG_WARN_EMPTY_BODY = YES;
				CLANG_WARN_ENUM_CONVERSION = YES;
				CLANG_WARN_INT_CONVERSION = YES;
				CLANG_WARN_OBJC_ROOT_CLASS = YES_ERROR;
				CLANG_WARN_UNREACHABLE_CODE = YES;
				CLANG_WARN__DUPLICATE_METHOD_MATCH = YES;
				"CODE_SIGN_IDENTITY[sdk=iphoneos*]" = "iPhone Developer";
				COPY_PHASE_STRIP = NO;
				ENABLE_STRICT_OBJC_MSGSEND = YES;
				GCC_C_LANGUAGE_STANDARD = gnu99;
				GCC_DYNAMIC_NO_PIC = NO;
				GCC_OPTIMIZATION_LEVEL = 0;
				GCC_PREPROCESSOR_DEFINITIONS = (
					"DEBUG=1",
					"$(inherited)",
				);
				GCC_SYMBOLS_PRIVATE_EXTERN = NO;
				GCC_WARN_64_TO_32_BIT_CONVERSION = YES;
				GCC_WARN_ABOUT_RETURN_TYPE = YES_ERROR;
				GCC_WARN_UNDECLARED_SELECTOR = YES;
				GCC_WARN_UNINITIALIZED_AUTOS = YES_AGGRESSIVE;
				GCC_WARN_UNUSED_FUNCTION = YES;
				GCC_WARN_UNUSED_VARIABLE = YES;
				IPHONEOS_DEPLOYMENT_TARGET = 8.1;
				MTL_ENABLE_DEBUG_INFO = YES;
				ONLY_ACTIVE_ARCH = YES;
				SDKROOT = iphoneos;
			};
			name = Debug;
		};
		49D2D9E11A81C7D4001CF3A8 /* Release */ = {
			isa = XCBuildConfiguration;
			buildSettings = {
				ALWAYS_SEARCH_USER_PATHS = NO;
				CLANG_CXX_LANGUAGE_STANDARD = "gnu++0x";
				CLANG_CXX_LIBRARY = "libc++";
				CLANG_ENABLE_MODULES = YES;
				CLANG_ENABLE_OBJC_ARC = YES;
				CLANG_WARN_BOOL_CONVERSION = YES;
				CLANG_WARN_CONSTANT_CONVERSION = YES;
				CLANG_WARN_DIRECT_OBJC_ISA_USAGE = YES_ERROR;
				CLANG_WARN_EMPTY_BODY = YES;
				CLANG_WARN_ENUM_CONVERSION = YES;
				CLANG_WARN_INT_CONVERSION = YES;
				CLANG_WARN_OBJC_ROOT_CLASS = YES_ERROR;
				CLANG_WARN_UNREACHABLE_CODE = YES;
				CLANG_WARN__DUPLICATE_METHOD_MATCH = YES;
				"CODE_SIGN_IDENTITY[sdk=iphoneos*]" = "iPhone Developer";
				COPY_PHASE_STRIP = YES;
				ENABLE_NS_ASSERTIONS = NO;
				ENABLE_STRICT_OBJC_MSGSEND = YES;
				GCC_C_LANGUAGE_STANDARD = gnu99;
				GCC_WARN_64_TO_32_BIT_CONVERSION = YES;
				GCC_WARN_ABOUT_RETURN_TYPE = YES_ERROR;
				GCC_WARN_UNDECLARED_SELECTOR = YES;
				GCC_WARN_UNINITIALIZED_AUTOS = YES_AGGRESSIVE;
				GCC_WARN_UNUSED_FUNCTION = YES;
				GCC_WARN_UNUSED_VARIABLE = YES;
				IPHONEOS_DEPLOYMENT_TARGET = 8.1;
				MTL_ENABLE_DEBUG_INFO = NO;
				SDKROOT = iphoneos;
				VALIDATE_PRODUCT = YES;
			};
			name = Release;
		};
		49D2D9E31A81C7D4001CF3A8 /* Debug */ = {
			isa = XCBuildConfiguration;
			buildSettings = {
				ASSETCATALOG_COMPILER_APPICON_NAME = AppIcon;
				CLANG_ENABLE_OBJC_ARC = NO;
				INFOPLIST_FILE = 17.XmlParser/Info.plist;
				LD_RUNPATH_SEARCH_PATHS = "$(inherited) @executable_path/Frameworks";
				PRODUCT_NAME = "$(TARGET_NAME)";
			};
			name = Debug;
		};
		49D2D9E41A81C7D4001CF3A8 /* Release */ = {
			isa = XCBuildConfiguration;
			buildSettings = {
				ASSETCATALOG_COMPILER_APPICON_NAME = AppIcon;
				CLANG_ENABLE_OBJC_ARC = NO;
				INFOPLIST_FILE = 17.XmlParser/Info.plist;
				LD_RUNPATH_SEARCH_PATHS = "$(inherited) @executable_path/Frameworks";
				PRODUCT_NAME = "$(TARGET_NAME)";
			};
			name = Release;
		};
		49D2D9E61A81C7D4001CF3A8 /* Debug */ = {
			isa = XCBuildConfiguration;
			buildSettings = {
				BUNDLE_LOADER = "$(TEST_HOST)";
				FRAMEWORK_SEARCH_PATHS = (
					"$(SDKROOT)/Developer/Library/Frameworks",
					"$(inherited)",
				);
				GCC_PREPROCESSOR_DEFINITIONS = (
					"DEBUG=1",
					"$(inherited)",
				);
				INFOPLIST_FILE = 17.XmlParserTests/Info.plist;
				LD_RUNPATH_SEARCH_PATHS = "$(inherited) @executable_path/Frameworks @loader_path/Frameworks";
				PRODUCT_NAME = "$(TARGET_NAME)";
				TEST_HOST = "$(BUILT_PRODUCTS_DIR)/17.XmlParser.app/17.XmlParser";
			};
			name = Debug;
		};
		49D2D9E71A81C7D4001CF3A8 /* Release */ = {
			isa = XCBuildConfiguration;
			buildSettings = {
				BUNDLE_LOADER = "$(TEST_HOST)";
				FRAMEWORK_SEARCH_PATHS = (
					"$(SDKROOT)/Developer/Library/Frameworks",
					"$(inherited)",
				);
				INFOPLIST_FILE = 17.XmlParserTests/Info.plist;
				LD_RUNPATH_SEARCH_PATHS = "$(inherited) @executable_path/Frameworks @loader_path/Frameworks";
				PRODUCT_NAME = "$(TARGET_NAME)";
				TEST_HOST = "$(BUILT_PRODUCTS_DIR)/17.XmlParser.app/17.XmlParser";
			};
			name = Release;
		};
/* End XCBuildConfiguration section */

/* Begin XCConfigurationList section */
		49D2D9BA1A81C7D4001CF3A8 /* Build configuration list for PBXProject "17.XmlParser" */ = {
			isa = XCConfigurationList;
			buildConfigurations = (
				49D2D9E01A81C7D4001CF3A8 /* Debug */,
				49D2D9E11A81C7D4001CF3A8 /* Release */,
			);
			defaultConfigurationIsVisible = 0;
			defaultConfigurationName = Release;
		};
		49D2D9E21A81C7D4001CF3A8 /* Build configuration list for PBXNativeTarget "17.XmlParser" */ = {
			isa = XCConfigurationList;
			buildConfigurations = (
				49D2D9E31A81C7D4001CF3A8 /* Debug */,
				49D2D9E41A81C7D4001CF3A8 /* Release */,
			);
			defaultConfigurationIsVisible = 0;
			defaultConfigurationName = Release;
		};
		49D2D9E51A81C7D4001CF3A8 /* Build configuration list for PBXNativeTarget "17.XmlParserTests" */ = {
			isa = XCConfigurationList;
			buildConfigurations = (
				49D2D9E61A81C7D4001CF3A8 /* Debug */,
				49D2D9E71A81C7D4001CF3A8 /* Release */,
			);
			defaultConfigurationIsVisible = 0;
			defaultConfigurationName = Release;
		};
/* End XCConfigurationList section */
	};
	rootObject = 49D2D9B71A81C7D4001CF3A8 /* Project object */;
}
